
Microsoft Visual Studio Solution File, Format Version 12.00
# Visual Studio 14
VisualStudioVersion = 14.0.25420.1
MinimumVisualStudioVersion = 10.0.40219.1
Project("{FAE04EC0-301F-11D3-BF4B-00C04F79EFBC}") = "LunchScheduler", "LunchScheduler\LunchScheduler.csproj", "{A3DAEB71-D415-4C2A-8FCE-D66912C6B41F}"
EndProject
Project("{FAE04EC0-301F-11D3-BF4B-00C04F79EFBC}") = "LunchScheduler.Data", "LunchScheduler.Data\LunchScheduler.Data.csproj", "{D1CE11CD-1008-4521-8A5B-78AF387CA0A9}"
EndProject
Project("{FAE04EC0-301F-11D3-BF4B-00C04F79EFBC}") = "LunchScheduler.BackgroundTasks", "LunchScheduler.BackgroundTasks\LunchScheduler.BackgroundTasks.csproj", "{37B6E7D3-7912-4101-A6B0-43C1002613CA}"
EndProject
Project("{2150E333-8FDC-42A3-9474-1A3956D46DE8}") = "Screenshots", "Screenshots", "{04504AE6-CB84-48EB-8143-18C6774BA5DF}"
	ProjectSection(SolutionItems) = preProject
		Screenshots\AddLunchPage.png = Screenshots\AddLunchPage.png
		Screenshots\AddLunchPage_Mobile.png = Screenshots\AddLunchPage_Mobile.png
		Screenshots\GuestDetailPage.png = Screenshots\GuestDetailPage.png
		Screenshots\GuestDetailPage_Mobile.png = Screenshots\GuestDetailPage_Mobile.png
		Screenshots\GuestsPage.png = Screenshots\GuestsPage.png
		Screenshots\GuestsPage_Mobile.png = Screenshots\GuestsPage_Mobile.png
		Screenshots\LunchDetailsPage.png = Screenshots\LunchDetailsPage.png
		Screenshots\LunchDetailsPage_Mobile.png = Screenshots\LunchDetailsPage_Mobile.png
		Screenshots\LunchesPage.png = Screenshots\LunchesPage.png
		Screenshots\LunchesPage_Mobile.png = Screenshots\LunchesPage_Mobile.png
	EndProjectSection
EndProject
Global
	GlobalSection(SolutionConfigurationPlatforms) = preSolution
		Debug|Any CPU = Debug|Any CPU
		Debug|ARM = Debug|ARM
		Debug|x64 = Debug|x64
		Debug|x86 = Debug|x86
		Release|Any CPU = Release|Any CPU
		Release|ARM = Release|ARM
		Release|x64 = Release|x64
		Release|x86 = Release|x86
	EndGlobalSection
	GlobalSection(ProjectConfigurationPlatforms) = postSolution
		{A3DAEB71-D415-4C2A-8FCE-D66912C6B41F}.Debug|Any CPU.ActiveCfg = Debug|x86
		{A3DAEB71-D415-4C2A-8FCE-D66912C6B41F}.Debug|ARM.ActiveCfg = Debug|ARM
		{A3DAEB71-D415-4C2A-8FCE-D66912C6B41F}.Debug|ARM.Build.0 = Debug|ARM
		{A3DAEB71-D415-4C2A-8FCE-D66912C6B41F}.Debug|ARM.Deploy.0 = Debug|ARM
		{A3DAEB71-D415-4C2A-8FCE-D66912C6B41F}.Debug|x64.ActiveCfg = Debug|x64
		{A3DAEB71-D415-4C2A-8FCE-D66912C6B41F}.Debug|x64.Build.0 = Debug|x64
		{A3DAEB71-D415-4C2A-8FCE-D66912C6B41F}.Debug|x64.Deploy.0 = Debug|x64
		{A3DAEB71-D415-4C2A-8FCE-D66912C6B41F}.Debug|x86.ActiveCfg = Debug|x86
		{A3DAEB71-D415-4C2A-8FCE-D66912C6B41F}.Debug|x86.Build.0 = Debug|x86
		{A3DAEB71-D415-4C2A-8FCE-D66912C6B41F}.Debug|x86.Deploy.0 = Debug|x86
		{A3DAEB71-D415-4C2A-8FCE-D66912C6B41F}.Release|Any CPU.ActiveCfg = Release|x86
		{A3DAEB71-D415-4C2A-8FCE-D66912C6B41F}.Release|ARM.ActiveCfg = Release|ARM
		{A3DAEB71-D415-4C2A-8FCE-D66912C6B41F}.Release|ARM.Build.0 = Release|ARM
		{A3DAEB71-D415-4C2A-8FCE-D66912C6B41F}.Release|ARM.Deploy.0 = Release|ARM
		{A3DAEB71-D415-4C2A-8FCE-D66912C6B41F}.Release|x64.ActiveCfg = Release|x64
		{A3DAEB71-D415-4C2A-8FCE-D66912C6B41F}.Release|x64.Build.0 = Release|x64
		{A3DAEB71-D415-4C2A-8FCE-D66912C6B41F}.Release|x64.Deploy.0 = Release|x64
		{A3DAEB71-D415-4C2A-8FCE-D66912C6B41F}.Release|x86.ActiveCfg = Release|x86
		{A3DAEB71-D415-4C2A-8FCE-D66912C6B41F}.Release|x86.Build.0 = Release|x86
		{A3DAEB71-D415-4C2A-8FCE-D66912C6B41F}.Release|x86.Deploy.0 = Release|x86
		{D1CE11CD-1008-4521-8A5B-78AF387CA0A9}.Debug|Any CPU.ActiveCfg = Debug|Any CPU
		{D1CE11CD-1008-4521-8A5B-78AF387CA0A9}.Debug|Any CPU.Build.0 = Debug|Any CPU
		{D1CE11CD-1008-4521-8A5B-78AF387CA0A9}.Debug|ARM.ActiveCfg = Debug|ARM
		{D1CE11CD-1008-4521-8A5B-78AF387CA0A9}.Debug|ARM.Build.0 = Debug|ARM
		{D1CE11CD-1008-4521-8A5B-78AF387CA0A9}.Debug|x64.ActiveCfg = Debug|x64
		{D1CE11CD-1008-4521-8A5B-78AF387CA0A9}.Debug|x64.Build.0 = Debug|x64
		{D1CE11CD-1008-4521-8A5B-78AF387CA0A9}.Debug|x86.ActiveCfg = Debug|x86
		{D1CE11CD-1008-4521-8A5B-78AF387CA0A9}.Debug|x86.Build.0 = Debug|x86
		{D1CE11CD-1008-4521-8A5B-78AF387CA0A9}.Release|Any CPU.ActiveCfg = Release|Any CPU
		{D1CE11CD-1008-4521-8A5B-78AF387CA0A9}.Release|Any CPU.Build.0 = Release|Any CPU
		{D1CE11CD-1008-4521-8A5B-78AF387CA0A9}.Release|ARM.ActiveCfg = Release|ARM
		{D1CE11CD-1008-4521-8A5B-78AF387CA0A9}.Release|ARM.Build.0 = Release|ARM
		{D1CE11CD-1008-4521-8A5B-78AF387CA0A9}.Release|x64.ActiveCfg = Release|x64
		{D1CE11CD-1008-4521-8A5B-78AF387CA0A9}.Release|x64.Build.0 = Release|x64
		{D1CE11CD-1008-4521-8A5B-78AF387CA0A9}.Release|x86.ActiveCfg = Release|x86
		{D1CE11CD-1008-4521-8A5B-78AF387CA0A9}.Release|x86.Build.0 = Release|x86
		{37B6E7D3-7912-4101-A6B0-43C1002613CA}.Debug|Any CPU.ActiveCfg = Debug|Any CPU
		{37B6E7D3-7912-4101-A6B0-43C1002613CA}.Debug|Any CPU.Build.0 = Debug|Any CPU
		{37B6E7D3-7912-4101-A6B0-43C1002613CA}.Debug|ARM.ActiveCfg = Debug|ARM
		{37B6E7D3-7912-4101-A6B0-43C1002613CA}.Debug|ARM.Build.0 = Debug|ARM
		{37B6E7D3-7912-4101-A6B0-43C1002613CA}.Debug|x64.ActiveCfg = Debug|x64
		{37B6E7D3-7912-4101-A6B0-43C1002613CA}.Debug|x64.Build.0 = Debug|x64
		{37B6E7D3-7912-4101-A6B0-43C1002613CA}.Debug|x86.ActiveCfg = Debug|x86
		{37B6E7D3-7912-4101-A6B0-43C1002613CA}.Debug|x86.Build.0 = Debug|x86
		{37B6E7D3-7912-4101-A6B0-43C1002613CA}.Release|Any CPU.ActiveCfg = Release|Any CPU
		{37B6E7D3-7912-4101-A6B0-43C1002613CA}.Release|Any CPU.Build.0 = Release|Any CPU
		{37B6E7D3-7912-4101-A6B0-43C1002613CA}.Release|ARM.ActiveCfg = Release|ARM
		{37B6E7D3-7912-4101-A6B0-43C1002613CA}.Release|ARM.Build.0 = Release|ARM
		{37B6E7D3-7912-4101-A6B0-43C1002613CA}.Release|x64.ActiveCfg = Release|x64
		{37B6E7D3-7912-4101-A6B0-43C1002613CA}.Release|x64.Build.0 = Release|x64
		{37B6E7D3-7912-4101-A6B0-43C1002613CA}.Release|x86.ActiveCfg = Release|x86
		{37B6E7D3-7912-4101-A6B0-43C1002613CA}.Release|x86.Build.0 = Release|x86
	EndGlobalSection
	GlobalSection(SolutionProperties) = preSolution
		HideSolutionNode = FALSE
	EndGlobalSection
EndGlobal
